<Solution>
  <Project Path="OrchestratorIDE.Avalonia/OrchestratorIDE.Avalonia.csproj" />
  <Project Path="OrchestratorIDE.Daemon/OrchestratorIDE.Daemon.csproj" />
  <Project Path="OrchestratorIDE.UITests/OrchestratorIDE.UITests.csproj" />
  <Project Path="OrchestratorIDE/OrchestratorIDE.csproj" />
  <Project Path="OrchestratorSetup/OrchestratorSetup.csproj" />
</Solution>
